# This file is automatically @generated by Poetry 2.0.1 and should not be changed by hand.

[[package]]
name = "async-timeout"
version = "4.0.3"
description = "Timeout context manager for asyncio programs"
optional = false
python-versions = ">=3.7"
groups = ["main"]
markers = "python_full_version < \"3.11.3\""
files = [
    {file = "async-timeout-4.0.3.tar.gz", hash = "sha256:4640d96be84d82d02ed59ea2b7105a0f7b33abe8703703cd0ab0bf87c427522f"},
    {file = "async_timeout-4.0.3-py3-none-any.whl", hash = "sha256:7405140ff1230c310e51dc27b3145b9092d659ce68ff733fb0cefe3ee42be028"},
]

[package.dependencies]
typing-extensions = {version = ">=3.6.5", markers = "python_version < \"3.8\""}

[[package]]
name = "certifi"
version = "2025.4.26"
description = "Python package for providing Mozilla's CA Bundle."
optional = false
python-versions = ">=3.6"
groups = ["main"]
files = [
    {file = "certifi-2025.4.26-py3-none-any.whl", hash = "sha256:30350364dfe371162649852c63336a15c70c6510c2ad5015b21c2345311805f3"},
    {file = "certifi-2025.4.26.tar.gz", hash = "sha256:0a816057ea3cdefcef70270d2c515e4506bbc954f417fa5ade2021213bb8f0c6"},
]

[[package]]
name = "charset-normalizer"
version = "3.4.2"
description = "The Real First Universal Charset Detector. Open, modern and actively maintained alternative to Chardet."
optional = false
python-versions = ">=3.7"
groups = ["main"]
files = [
    {file = "charset_normalizer-3.4.2-cp310-cp310-macosx_10_9_universal2.whl", hash = "sha256:7c48ed483eb946e6c04ccbe02c6b4d1d48e51944b6db70f697e089c193404941"},
    {file = "charset_normalizer-3.4.2-cp310-cp310-manylinux_2_17_aarch64.manylinux2014_aarch64.whl", hash = "sha256:b2d318c11350e10662026ad0eb71bb51c7812fc8590825304ae0bdd4ac283acd"},
    {file = "charset_normalizer-3.4.2-cp310-cp310-manylinux_2_17_ppc64le.manylinux2014_ppc64le.whl", hash = "sha256:9cbfacf36cb0ec2897ce0ebc5d08ca44213af24265bd56eca54bee7923c48fd6"},
    {file = "charset_normalizer-3.4.2-cp310-cp310-manylinux_2_17_s390x.manylinux2014_s390x.whl", hash = "sha256:18dd2e350387c87dabe711b86f83c9c78af772c748904d372ade190b5c7c9d4d"},
    {file = "charset_normalizer-3.4.2-cp310-cp310-manylinux_2_17_x86_64.manylinux2014_x86_64.whl", hash = "sha256:8075c35cd58273fee266c58c0c9b670947c19df5fb98e7b66710e04ad4e9ff86"},
    {file = "charset_normalizer-3.4.2-cp310-cp310-manylinux_2_5_i686.manylinux1_i686.manylinux_2_17_i686.manylinux2014_i686.whl", hash = "sha256:5bf4545e3b962767e5c06fe1738f951f77d27967cb2caa64c28be7c4563e162c"},
    {file = "charset_normalizer-3.4.2-cp310-cp310-musllinux_1_2_aarch64.whl", hash = "sha256:7a6ab32f7210554a96cd9e33abe3ddd86732beeafc7a28e9955cdf22ffadbab0"},
    {file = "charset_normalizer-3.4.2-cp310-cp310-musllinux_1_2_i686.whl", hash = "sha256:b33de11b92e9f75a2b545d6e9b6f37e398d86c3e9e9653c4864eb7e89c5773ef"},
    {file = "charset_normalizer-3.4.2-cp310-cp310-musllinux_1_2_ppc64le.whl", hash = "sha256:8755483f3c00d6c9a77f490c17e6ab0c8729e39e6390328e42521ef175380ae6"},
    {file = "charset_normalizer-3.4.2-cp310-cp310-musllinux_1_2_s390x.whl", hash = "sha256:68a328e5f55ec37c57f19ebb1fdc56a248db2e3e9ad769919a58672958e8f366"},
    {file = "charset_normalizer-3.4.2-cp310-cp310-musllinux_1_2_x86_64.whl", hash = "sha256:21b2899062867b0e1fde9b724f8aecb1af14f2778d69aacd1a5a1853a597a5db"},
    {file = "charset_normalizer-3.4.2-cp310-cp310-win32.whl", hash = "sha256:e8082b26888e2f8b36a042a58307d5b917ef2b1cacab921ad3323ef91901c71a"},
    {file = "charset_normalizer-3.4.2-cp310-cp310-win_amd64.whl", hash = "sha256:f69a27e45c43520f5487f27627059b64aaf160415589230992cec34c5e18a509"},
    {file = "charset_normalizer-3.4.2-cp311-cp311-macosx_10_9_universal2.whl", hash = "sha256:be1e352acbe3c78727a16a455126d9ff83ea2dfdcbc83148d2982305a04714c2"},
    {file = "charset_normalizer-3.4.2-cp311-cp311-manylinux_2_17_aarch64.manylinux2014_aarch64.whl", hash = "sha256:aa88ca0b1932e93f2d961bf3addbb2db902198dca337d88c89e1559e066e7645"},
    {file = "charset_normalizer-3.4.2-cp311-cp311-manylinux_2_17_ppc64le.manylinux2014_ppc64le.whl", hash = "sha256:d524ba3f1581b35c03cb42beebab4a13e6cdad7b36246bd22541fa585a56cccd"},
    {file = "charset_normalizer-3.4.2-cp311-cp311-manylinux_2_17_s390x.manylinux2014_s390x.whl", hash = "sha256:28a1005facc94196e1fb3e82a3d442a9d9110b8434fc1ded7a24a2983c9888d8"},
    {file = "charset_normalizer-3.4.2-cp311-cp311-manylinux_2_17_x86_64.manylinux2014_x86_64.whl", hash = "sha256:fdb20a30fe1175ecabed17cbf7812f7b804b8a315a25f24678bcdf120a90077f"},
    {file = "charset_normalizer-3.4.2-cp311-cp311-manylinux_2_5_i686.manylinux1_i686.manylinux_2_17_i686.manylinux2014_i686.whl", hash = "sha256:0f5d9ed7f254402c9e7d35d2f5972c9bbea9040e99cd2861bd77dc68263277c7"},
    {file = "charset_normalizer-3.4.2-cp311-cp311-musllinux_1_2_aarch64.whl", hash = "sha256:efd387a49825780ff861998cd959767800d54f8308936b21025326de4b5a42b9"},
    {file = "charset_normalizer-3.4.2-cp311-cp311-musllinux_1_2_i686.whl", hash = "sha256:f0aa37f3c979cf2546b73e8222bbfa3dc07a641585340179d768068e3455e544"},
    {file = "charset_normalizer-3.4.2-cp311-cp311-musllinux_1_2_ppc64le.whl", hash = "sha256:e70e990b2137b29dc5564715de1e12701815dacc1d056308e2b17e9095372a82"},
    {file = "charset_normalizer-3.4.2-cp311-cp311-musllinux_1_2_s390x.whl", hash = "sha256:0c8c57f84ccfc871a48a47321cfa49ae1df56cd1d965a09abe84066f6853b9c0"},
    {file = "charset_normalizer-3.4.2-cp311-cp311-musllinux_1_2_x86_64.whl", hash = "sha256:6b66f92b17849b85cad91259efc341dce9c1af48e2173bf38a85c6329f1033e5"},
    {file = "charset_normalizer-3.4.2-cp311-cp311-win32.whl", hash = "sha256:daac4765328a919a805fa5e2720f3e94767abd632ae410a9062dff5412bae65a"},
    {file = "charset_normalizer-3.4.2-cp311-cp311-win_amd64.whl", hash = "sha256:e53efc7c7cee4c1e70661e2e112ca46a575f90ed9ae3fef200f2a25e954f4b28"},
    {file = "charset_normalizer-3.4.2-cp312-cp312-macosx_10_13_universal2.whl", hash = "sha256:0c29de6a1a95f24b9a1aa7aefd27d2487263f00dfd55a77719b530788f75cff7"},
    {file = "charset_normalizer-3.4.2-cp312-cp312-manylinux_2_17_aarch64.manylinux2014_aarch64.whl", hash = "sha256:cddf7bd982eaa998934a91f69d182aec997c6c468898efe6679af88283b498d3"},
    {file = "charset_normalizer-3.4.2-cp312-cp312-manylinux_2_17_ppc64le.manylinux2014_ppc64le.whl", hash = "sha256:fcbe676a55d7445b22c10967bceaaf0ee69407fbe0ece4d032b6eb8d4565982a"},
    {file = "charset_normalizer-3.4.2-cp312-cp312-manylinux_2_17_s390x.manylinux2014_s390x.whl", hash = "sha256:d41c4d287cfc69060fa91cae9683eacffad989f1a10811995fa309df656ec214"},
    {file = "charset_normalizer-3.4.2-cp312-cp312-manylinux_2_17_x86_64.manylinux2014_x86_64.whl", hash = "sha256:4e594135de17ab3866138f496755f302b72157d115086d100c3f19370839dd3a"},
    {file = "charset_normalizer-3.4.2-cp312-cp312-manylinux_2_5_i686.manylinux1_i686.manylinux_2_17_i686.manylinux2014_i686.whl", hash = "sha256:cf713fe9a71ef6fd5adf7a79670135081cd4431c2943864757f0fa3a65b1fafd"},
    {file = "charset_normalizer-3.4.2-cp312-cp312-musllinux_1_2_aarch64.whl", hash = "sha256:a370b3e078e418187da8c3674eddb9d983ec09445c99a3a263c2011993522981"},
    {file = "charset_normalizer-3.4.2-cp312-cp312-musllinux_1_2_i686.whl", hash = "sha256:a955b438e62efdf7e0b7b52a64dc5c3396e2634baa62471768a64bc2adb73d5c"},
    {file = "charset_normalizer-3.4.2-cp312-cp312-musllinux_1_2_ppc64le.whl", hash = "sha256:7222ffd5e4de8e57e03ce2cef95a4c43c98fcb72ad86909abdfc2c17d227fc1b"},
    {file = "charset_normalizer-3.4.2-cp312-cp312-musllinux_1_2_s390x.whl", hash = "sha256:bee093bf902e1d8fc0ac143c88902c3dfc8941f7ea1d6a8dd2bcb786d33db03d"},
    {file = "charset_normalizer-3.4.2-cp312-cp312-musllinux_1_2_x86_64.whl", hash = "sha256:dedb8adb91d11846ee08bec4c8236c8549ac721c245678282dcb06b221aab59f"},
    {file = "charset_normalizer-3.4.2-cp312-cp312-win32.whl", hash = "sha256:db4c7bf0e07fc3b7d89ac2a5880a6a8062056801b83ff56d8464b70f65482b6c"},
    {file = "charset_normalizer-3.4.2-cp312-cp312-win_amd64.whl", hash = "sha256:5a9979887252a82fefd3d3ed2a8e3b937a7a809f65dcb1e068b090e165bbe99e"},
    {file = "charset_normalizer-3.4.2-cp313-cp313-macosx_10_13_universal2.whl", hash = "sha256:926ca93accd5d36ccdabd803392ddc3e03e6d4cd1cf17deff3b989ab8e9dbcf0"},
    {file = "charset_normalizer-3.4.2-cp313-cp313-manylinux_2_17_aarch64.manylinux2014_aarch64.whl", hash = "sha256:eba9904b0f38a143592d9fc0e19e2df0fa2e41c3c3745554761c5f6447eedabf"},
    {file = "charset_normalizer-3.4.2-cp313-cp313-manylinux_2_17_ppc64le.manylinux2014_ppc64le.whl", hash = "sha256:3fddb7e2c84ac87ac3a947cb4e66d143ca5863ef48e4a5ecb83bd48619e4634e"},
    {file = "charset_normalizer-3.4.2-cp313-cp313-manylinux_2_17_s390x.manylinux2014_s390x.whl", hash = "sha256:98f862da73774290f251b9df8d11161b6cf25b599a66baf087c1ffe340e9bfd1"},
    {file = "charset_normalizer-3.4.2-cp313-cp313-manylinux_2_17_x86_64.manylinux2014_x86_64.whl", hash = "sha256:6c9379d65defcab82d07b2a9dfbfc2e95bc8fe0ebb1b176a3190230a3ef0e07c"},
    {file = "charset_normalizer-3.4.2-cp313-cp313-manylinux_2_5_i686.manylinux1_i686.manylinux_2_17_i686.manylinux2014_i686.whl", hash = "sha256:e635b87f01ebc977342e2697d05b56632f5f879a4f15955dfe8cef2448b51691"},
    {file = "charset_normalizer-3.4.2-cp313-cp313-musllinux_1_2_aarch64.whl", hash = "sha256:1c95a1e2902a8b722868587c0e1184ad5c55631de5afc0eb96bc4b0d738092c0"},
    {file = "charset_normalizer-3.4.2-cp313-cp313-musllinux_1_2_i686.whl", hash = "sha256:ef8de666d6179b009dce7bcb2ad4c4a779f113f12caf8dc77f0162c29d20490b"},
    {file = "charset_normalizer-3.4.2-cp313-cp313-musllinux_1_2_ppc64le.whl", hash = "sha256:32fc0341d72e0f73f80acb0a2c94216bd704f4f0bce10aedea38f30502b271ff"},
    {file = "charset_normalizer-3.4.2-cp313-cp313-musllinux_1_2_s390x.whl", hash = "sha256:289200a18fa698949d2b39c671c2cc7a24d44096784e76614899a7ccf2574b7b"},
    {file = "charset_normalizer-3.4.2-cp313-cp313-musllinux_1_2_x86_64.whl", hash = "sha256:4a476b06fbcf359ad25d34a057b7219281286ae2477cc5ff5e3f70a246971148"},
    {file = "charset_normalizer-3.4.2-cp313-cp313-win32.whl", hash = "sha256:aaeeb6a479c7667fbe1099af9617c83aaca22182d6cf8c53966491a0f1b7ffb7"},
    {file = "charset_normalizer-3.4.2-cp313-cp313-win_amd64.whl", hash = "sha256:aa6af9e7d59f9c12b33ae4e9450619cf2488e2bbe9b44030905877f0b2324980"},
    {file = "charset_normalizer-3.4.2-cp37-cp37m-manylinux_2_17_aarch64.manylinux2014_aarch64.whl", hash = "sha256:1cad5f45b3146325bb38d6855642f6fd609c3f7cad4dbaf75549bf3b904d3184"},
    {file = "charset_normalizer-3.4.2-cp37-cp37m-manylinux_2_17_ppc64le.manylinux2014_ppc64le.whl", hash = "sha256:b2680962a4848b3c4f155dc2ee64505a9c57186d0d56b43123b17ca3de18f0fa"},
    {file = "charset_normalizer-3.4.2-cp37-cp37m-manylinux_2_17_s390x.manylinux2014_s390x.whl", hash = "sha256:36b31da18b8890a76ec181c3cf44326bf2c48e36d393ca1b72b3f484113ea344"},
    {file = "charset_normalizer-3.4.2-cp37-cp37m-manylinux_2_17_x86_64.manylinux2014_x86_64.whl", hash = "sha256:f4074c5a429281bf056ddd4c5d3b740ebca4d43ffffe2ef4bf4d2d05114299da"},
    {file = "charset_normalizer-3.4.2-cp37-cp37m-manylinux_2_5_i686.manylinux1_i686.manylinux_2_17_i686.manylinux2014_i686.whl", hash = "sha256:c9e36a97bee9b86ef9a1cf7bb96747eb7a15c2f22bdb5b516434b00f2a599f02"},
    {file = "charset_normalizer-3.4.2-cp37-cp37m-musllinux_1_2_aarch64.whl", hash = "sha256:1b1bde144d98e446b056ef98e59c256e9294f6b74d7af6846bf5ffdafd687a7d"},
    {file = "charset_normalizer-3.4.2-cp37-cp37m-musllinux_1_2_i686.whl", hash = "sha256:915f3849a011c1f593ab99092f3cecfcb4d65d8feb4a64cf1bf2d22074dc0ec4"},
    {file = "charset_normalizer-3.4.2-cp37-cp37m-musllinux_1_2_ppc64le.whl", hash = "sha256:fb707f3e15060adf5b7ada797624a6c6e0138e2a26baa089df64c68ee98e040f"},
    {file = "charset_normalizer-3.4.2-cp37-cp37m-musllinux_1_2_s390x.whl", hash = "sha256:25a23ea5c7edc53e0f29bae2c44fcb5a1aa10591aae107f2a2b2583a9c5cbc64"},
    {file = "charset_normalizer-3.4.2-cp37-cp37m-musllinux_1_2_x86_64.whl", hash = "sha256:770cab594ecf99ae64c236bc9ee3439c3f46be49796e265ce0cc8bc17b10294f"},
    {file = "charset_normalizer-3.4.2-cp37-cp37m-win32.whl", hash = "sha256:6a0289e4589e8bdfef02a80478f1dfcb14f0ab696b5a00e1f4b8a14a307a3c58"},
    {file = "charset_normalizer-3.4.2-cp37-cp37m-win_amd64.whl", hash = "sha256:6fc1f5b51fa4cecaa18f2bd7a003f3dd039dd615cd69a2afd6d3b19aed6775f2"},
    {file = "charset_normalizer-3.4.2-cp38-cp38-macosx_10_9_universal2.whl", hash = "sha256:76af085e67e56c8816c3ccf256ebd136def2ed9654525348cfa744b6802b69eb"},
    {file = "charset_normalizer-3.4.2-cp38-cp38-manylinux_2_17_aarch64.manylinux2014_aarch64.whl", hash = "sha256:e45ba65510e2647721e35323d6ef54c7974959f6081b58d4ef5d87c60c84919a"},
    {file = "charset_normalizer-3.4.2-cp38-cp38-manylinux_2_17_ppc64le.manylinux2014_ppc64le.whl", hash = "sha256:046595208aae0120559a67693ecc65dd75d46f7bf687f159127046628178dc45"},
    {file = "charset_normalizer-3.4.2-cp38-cp38-manylinux_2_17_s390x.manylinux2014_s390x.whl", hash = "sha256:75d10d37a47afee94919c4fab4c22b9bc2a8bf7d4f46f87363bcf0573f3ff4f5"},
    {file = "charset_normalizer-3.4.2-cp38-cp38-manylinux_2_17_x86_64.manylinux2014_x86_64.whl", hash = "sha256:6333b3aa5a12c26b2a4d4e7335a28f1475e0e5e17d69d55141ee3cab736f66d1"},
    {file = "charset_normalizer-3.4.2-cp38-cp38-manylinux_2_5_i686.manylinux1_i686.manylinux_2_17_i686.manylinux2014_i686.whl", hash = "sha256:e8323a9b031aa0393768b87f04b4164a40037fb2a3c11ac06a03ffecd3618027"},
    {file = "charset_normalizer-3.4.2-cp38-cp38-musllinux_1_2_aarch64.whl", hash = "sha256:24498ba8ed6c2e0b56d4acbf83f2d989720a93b41d712ebd4f4979660db4417b"},
    {file = "charset_normalizer-3.4.2-cp38-cp38-musllinux_1_2_i686.whl", hash = "sha256:844da2b5728b5ce0e32d863af26f32b5ce61bc4273a9c720a9f3aa9df73b1455"},
    {file = "charset_normalizer-3.4.2-cp38-cp38-musllinux_1_2_ppc64le.whl", hash = "sha256:65c981bdbd3f57670af8b59777cbfae75364b483fa8a9f420f08094531d54a01"},
    {file = "charset_normalizer-3.4.2-cp38-cp38-musllinux_1_2_s390x.whl", hash = "sha256:3c21d4fca343c805a52c0c78edc01e3477f6dd1ad7c47653241cf2a206d4fc58"},
    {file = "charset_normalizer-3.4.2-cp38-cp38-musllinux_1_2_x86_64.whl", hash = "sha256:dc7039885fa1baf9be153a0626e337aa7ec8bf96b0128605fb0d77788ddc1681"},
    {file = "charset_normalizer-3.4.2-cp38-cp38-win32.whl", hash = "sha256:8272b73e1c5603666618805fe821edba66892e2870058c94c53147602eab29c7"},
    {file = "charset_normalizer-3.4.2-cp38-cp38-win_amd64.whl", hash = "sha256:70f7172939fdf8790425ba31915bfbe8335030f05b9913d7ae00a87d4395620a"},
    {file = "charset_normalizer-3.4.2-cp39-cp39-macosx_10_9_universal2.whl", hash = "sha256:005fa3432484527f9732ebd315da8da8001593e2cf46a3d817669f062c3d9ed4"},
    {file = "charset_normalizer-3.4.2-cp39-cp39-manylinux_2_17_aarch64.manylinux2014_aarch64.whl", hash = "sha256:e92fca20c46e9f5e1bb485887d074918b13543b1c2a1185e69bb8d17ab6236a7"},
    {file = "charset_normalizer-3.4.2-cp39-cp39-manylinux_2_17_ppc64le.manylinux2014_ppc64le.whl", hash = "sha256:50bf98d5e563b83cc29471fa114366e6806bc06bc7a25fd59641e41445327836"},
    {file = "charset_normalizer-3.4.2-cp39-cp39-manylinux_2_17_s390x.manylinux2014_s390x.whl", hash = "sha256:721c76e84fe669be19c5791da68232ca2e05ba5185575086e384352e2c309597"},
    {file = "charset_normalizer-3.4.2-cp39-cp39-manylinux_2_17_x86_64.manylinux2014_x86_64.whl", hash = "sha256:82d8fd25b7f4675d0c47cf95b594d4e7b158aca33b76aa63d07186e13c0e0ab7"},
    {file = "charset_normalizer-3.4.2-cp39-cp39-manylinux_2_5_i686.manylinux1_i686.manylinux_2_17_i686.manylinux2014_i686.whl", hash = "sha256:b3daeac64d5b371dea99714f08ffc2c208522ec6b06fbc7866a450dd446f5c0f"},
    {file = "charset_normalizer-3.4.2-cp39-cp39-musllinux_1_2_aarch64.whl", hash = "sha256:dccab8d5fa1ef9bfba0590ecf4d46df048d18ffe3eec01eeb73a42e0d9e7a8ba"},
    {file = "charset_normalizer-3.4.2-cp39-cp39-musllinux_1_2_i686.whl", hash = "sha256:aaf27faa992bfee0264dc1f03f4c75e9fcdda66a519db6b957a3f826e285cf12"},
    {file = "charset_normalizer-3.4.2-cp39-cp39-musllinux_1_2_ppc64le.whl", hash = "sha256:eb30abc20df9ab0814b5a2524f23d75dcf83cde762c161917a2b4b7b55b1e518"},
    {file = "charset_normalizer-3.4.2-cp39-cp39-musllinux_1_2_s390x.whl", hash = "sha256:c72fbbe68c6f32f251bdc08b8611c7b3060612236e960ef848e0a517ddbe76c5"},
    {file = "charset_normalizer-3.4.2-cp39-cp39-musllinux_1_2_x86_64.whl", hash = "sha256:982bb1e8b4ffda883b3d0a521e23abcd6fd17418f6d2c4118d257a10199c0ce3"},
    {file = "charset_normalizer-3.4.2-cp39-cp39-win32.whl", hash = "sha256:43e0933a0eff183ee85833f341ec567c0980dae57c464d8a508e1b2ceb336471"},
    {file = "charset_normalizer-3.4.2-cp39-cp39-win_amd64.whl", hash = "sha256:d11b54acf878eef558599658b0ffca78138c8c3655cf4f3a4a673c437e67732e"},
    {file = "charset_normalizer-3.4.2-py3-none-any.whl", hash = "sha256:7f56930ab0abd1c45cd15be65cc741c28b1c9a34876ce8c17a2fa107810c0af0"},
    {file = "charset_normalizer-3.4.2.tar.gz", hash = "sha256:5baececa9ecba31eff645232d59845c07aa030f0c81ee70184a90d35099a0e63"},
]

[[package]]
name = "colorama"
version = "0.4.6"
description = "Cross-platform colored terminal text."
optional = false
python-versions = "!=3.0.*,!=3.1.*,!=3.2.*,!=3.3.*,!=3.4.*,!=3.5.*,!=3.6.*,>=2.7"
groups = ["main"]
markers = "platform_system == \"Windows\""
files = [
    {file = "colorama-0.4.6-py2.py3-none-any.whl", hash = "sha256:4f1d9991f5acc0ca119f9d443620b77f9d6b33703e51011c16baf57afb285fc6"},
    {file = "colorama-0.4.6.tar.gz", hash = "sha256:08695f5cb7ed6e0531a20572697297273c47b8cae5a63ffc6d6ed5c201be6e44"},
]

[[package]]
name = "idna"
version = "3.10"
description = "Internationalized Domain Names in Applications (IDNA)"
optional = false
python-versions = ">=3.6"
groups = ["main"]
files = [
    {file = "idna-3.10-py3-none-any.whl", hash = "sha256:946d195a0d259cbba61165e88e65941f16e9b36ea6ddb97f00452bae8b1287d3"},
    {file = "idna-3.10.tar.gz", hash = "sha256:12f65c9b470abda6dc35cf8e63cc574b1c52b11df2c86030af0ac09b01b13ea9"},
]

[package.extras]
all = ["flake8 (>=7.1.1)", "mypy (>=1.11.2)", "pytest (>=8.3.2)", "ruff (>=0.6.2)"]

[[package]]
name = "importlib-metadata"
version = "6.7.0"
description = "Read metadata from Python packages"
optional = false
python-versions = ">=3.7"
groups = ["main"]
markers = "python_version < \"3.8\""
files = [
    {file = "importlib_metadata-6.7.0-py3-none-any.whl", hash = "sha256:cb52082e659e97afc5dac71e79de97d8681de3aa07ff18578330904a9d18e5b5"},
    {file = "importlib_metadata-6.7.0.tar.gz", hash = "sha256:1aaf550d4f73e5d6783e7acb77aec43d49da8017410afae93822cc9cca98c4d4"},
]

[package.dependencies]
typing-extensions = {version = ">=3.6.4", markers = "python_version < \"3.8\""}
zipp = ">=0.5"

[package.extras]
docs = ["furo", "jaraco.packaging (>=9)", "jaraco.tidelift (>=1.4)", "rst.linker (>=1.9)", "sphinx (>=3.5)", "sphinx-lint"]
perf = ["ipython"]
testing = ["flufl.flake8", "importlib-resources (>=1.3)", "packaging", "pyfakefs", "pytest (>=6)", "pytest-black (>=0.3.7)", "pytest-checkdocs (>=2.4)", "pytest-cov", "pytest-enabler (>=1.3)", "pytest-mypy (>=0.9.1)", "pytest-perf (>=0.9.2)", "pytest-ruff"]

[[package]]
name = "markdown-it-py"
version = "2.2.0"
description = "Python port of markdown-it. Markdown parsing, done right!"
optional = false
python-versions = ">=3.7"
groups = ["main"]
files = [
    {file = "markdown-it-py-2.2.0.tar.gz", hash = "sha256:7c9a5e412688bc771c67432cbfebcdd686c93ce6484913dccf06cb5a0bea35a1"},
    {file = "markdown_it_py-2.2.0-py3-none-any.whl", hash = "sha256:5a35f8d1870171d9acc47b99612dc146129b631baf04970128b568f190d0cc30"},
]

[package.dependencies]
mdurl = ">=0.1,<1.0"
typing_extensions = {version = ">=3.7.4", markers = "python_version < \"3.8\""}

[package.extras]
benchmarking = ["psutil", "pytest", "pytest-benchmark"]
code-style = ["pre-commit (>=3.0,<4.0)"]
compare = ["commonmark (>=0.9,<1.0)", "markdown (>=3.4,<4.0)", "mistletoe (>=1.0,<2.0)", "mistune (>=2.0,<3.0)", "panflute (>=2.3,<3.0)"]
linkify = ["linkify-it-py (>=1,<3)"]
plugins = ["mdit-py-plugins"]
profiling = ["gprof2dot"]
rtd = ["attrs", "myst-parser", "pyyaml", "sphinx", "sphinx-copybutton", "sphinx-design", "sphinx_book_theme"]
testing = ["coverage", "pytest", "pytest-cov", "pytest-regressions"]

[[package]]
name = "mdurl"
version = "0.1.2"
description = "Markdown URL utilities"
optional = false
python-versions = ">=3.7"
groups = ["main"]
files = [
    {file = "mdurl-0.1.2-py3-none-any.whl", hash = "sha256:84008a41e51615a49fc9966191ff91509e3c40b939176e643fd50a5c2196b8f8"},
    {file = "mdurl-0.1.2.tar.gz", hash = "sha256:bb413d29f5eea38f31dd4754dd7377d4465116fb207585f97bf925588687c1ba"},
]

[[package]]
name = "pygments"
version = "2.17.2"
description = "Pygments is a syntax highlighting package written in Python."
optional = false
python-versions = ">=3.7"
groups = ["main"]
files = [
    {file = "pygments-2.17.2-py3-none-any.whl", hash = "sha256:b27c2826c47d0f3219f29554824c30c5e8945175d888647acd804ddd04af846c"},
    {file = "pygments-2.17.2.tar.gz", hash = "sha256:da46cec9fd2de5be3a8a784f434e4c4ab670b4ff54d605c4c2717e9d49c4c367"},
]

[package.extras]
plugins = ["importlib-metadata"]
windows-terminal = ["colorama (>=0.4.6)"]

[[package]]
name = "python-dotenv"
version = "0.21.1"
description = "Read key-value pairs from a .env file and set them as environment variables"
optional = false
python-versions = ">=3.7"
groups = ["main"]
files = [
    {file = "python-dotenv-0.21.1.tar.gz", hash = "sha256:1c93de8f636cde3ce377292818d0e440b6e45a82f215c3744979151fa8151c49"},
    {file = "python_dotenv-0.21.1-py3-none-any.whl", hash = "sha256:41e12e0318bebc859fcc4d97d4db8d20ad21721a6aa5047dd59f090391cb549a"},
]

[package.extras]
cli = ["click (>=5.0)"]

[[package]]
name = "rapidfuzz"
version = "3.4.0"
description = "rapid fuzzy string matching"
optional = false
python-versions = ">=3.7"
groups = ["main"]
files = [
    {file = "rapidfuzz-3.4.0-cp310-cp310-macosx_10_9_universal2.whl", hash = "sha256:1438e68fe8869fe6819a313140e98641b34bfc89234b82486d8fd02044a067e8"},
    {file = "rapidfuzz-3.4.0-cp310-cp310-macosx_10_9_x86_64.whl", hash = "sha256:59f851c7a54a9652b9598553547e0940244bfce7c9b672bac728efa0b9028d03"},
    {file = "rapidfuzz-3.4.0-cp310-cp310-macosx_11_0_arm64.whl", hash = "sha256:6286510910fcd649471a7f5b77fcc971e673729e7c84216dbf321bead580d5a1"},
    {file = "rapidfuzz-3.4.0-cp310-cp310-manylinux_2_17_aarch64.manylinux2014_aarch64.whl", hash = "sha256:87409e12f9a82aa33a5b845c49dd8d5d4264f2f171f0a69ddc638e100fcc50de"},
    {file = "rapidfuzz-3.4.0-cp310-cp310-manylinux_2_17_i686.manylinux2014_i686.whl", hash = "sha256:d1d81d380ceabc8297880525c9d8b9e93fead38d3d2254e558c36c18aaf2553f"},
    {file = "rapidfuzz-3.4.0-cp310-cp310-manylinux_2_17_ppc64le.manylinux2014_ppc64le.whl", hash = "sha256:a716efcfc92659d8695291f07da4fa60f42a131dc4ceab583931452dd5662e92"},
    {file = "rapidfuzz-3.4.0-cp310-cp310-manylinux_2_17_s390x.manylinux2014_s390x.whl", hash = "sha256:83387fb81c4c0234b199110655779762dd5982cdf9de4f7c321110713193133e"},
    {file = "rapidfuzz-3.4.0-cp310-cp310-manylinux_2_17_x86_64.manylinux2014_x86_64.whl", hash = "sha256:55efb3231bb954f3597313ebdf104289b8d139d5429ad517051855f84e12b94e"},
    {file = "rapidfuzz-3.4.0-cp310-cp310-musllinux_1_1_aarch64.whl", hash = "sha256:51d47d52c890cbdb2d8b2085d747e557f15efd9c990cb6ae624c8f6948c4aa3a"},
    {file = "rapidfuzz-3.4.0-cp310-cp310-musllinux_1_1_i686.whl", hash = "sha256:3db79070888d0dcd4f6a20fd30b8184dd975d6b0f7818acff5d7e07eba19b71f"},
    {file = "rapidfuzz-3.4.0-cp310-cp310-musllinux_1_1_ppc64le.whl", hash = "sha256:46efc5e4675e2bd5118427513f86eaf3689e1482ebd309ad4532bcefae78179d"},
    {file = "rapidfuzz-3.4.0-cp310-cp310-musllinux_1_1_s390x.whl", hash = "sha256:d15c364c5aa8f032dadf5b82fa02b7a4bd9688a961a27961cd5b985203f58037"},
    {file = "rapidfuzz-3.4.0-cp310-cp310-musllinux_1_1_x86_64.whl", hash = "sha256:f1e91460baa42f5408f3c062913456a24b2fc1a181959b58a9c06b5eef700ca6"},
    {file = "rapidfuzz-3.4.0-cp310-cp310-win32.whl", hash = "sha256:c7f4f6dac25c120de8845a65a97090658c8a976827ac22b6b86e2a16a60bb820"},
    {file = "rapidfuzz-3.4.0-cp310-cp310-win_amd64.whl", hash = "sha256:124578029d926b2be32d60b748be95ee0de6cb2753eb49d6d1d6146269b428b9"},
    {file = "rapidfuzz-3.4.0-cp310-cp310-win_arm64.whl", hash = "sha256:3af0384132e79fe6f6370d49347649382e04f689277525903bef84d30f3992fd"},
    {file = "rapidfuzz-3.4.0-cp311-cp311-macosx_10_9_universal2.whl", hash = "sha256:66ff93b81b382269dc7c2d46c839ce72e2d2331ad46a06321770bc94016fe236"},
    {file = "rapidfuzz-3.4.0-cp311-cp311-macosx_10_9_x86_64.whl", hash = "sha256:da2764604a31fd1e3f1cacf226b43a871cc9f28844a3196c2a6b1ba52ae12922"},
    {file = "rapidfuzz-3.4.0-cp311-cp311-macosx_11_0_arm64.whl", hash = "sha256:8eb33895353bfcc33ccf4b4bae837c0afb4eaf20a0361aa6f0800cef12505e91"},
    {file = "rapidfuzz-3.4.0-cp311-cp311-manylinux_2_17_aarch64.manylinux2014_aarch64.whl", hash = "sha256:ed3da08830c08c8bcd49414cc06b704a760d3067804775facc0df725b52085a4"},
    {file = "rapidfuzz-3.4.0-cp311-cp311-manylinux_2_17_i686.manylinux2014_i686.whl", hash = "sha256:b38c7021f6114cfacba5717192fb3e1e50053261d49a774e645021a2f77e20a3"},
    {file = "rapidfuzz-3.4.0-cp311-cp311-manylinux_2_17_ppc64le.manylinux2014_ppc64le.whl", hash = "sha256:f7f5ea97886d2ec7b2b9a8172812a76e1d243f2ce705c2f24baf46f9ef5d3951"},
    {file = "rapidfuzz-3.4.0-cp311-cp311-manylinux_2_17_s390x.manylinux2014_s390x.whl", hash = "sha256:5b9a7ab061c1b75b274fc2ebd1d29cfa2e510c36e2f4cd9518a6d56d589003c8"},
    {file = "rapidfuzz-3.4.0-cp311-cp311-manylinux_2_17_x86_64.manylinux2014_x86_64.whl", hash = "sha256:23b07685c21c93cdf6d68b49eccacfe975651b8d99ea8a02687400c60315e5bc"},
    {file = "rapidfuzz-3.4.0-cp311-cp311-musllinux_1_1_aarch64.whl", hash = "sha256:c2a564f748497b6a5e08a1dc0ac06655f65377cf072c4f0e2c73818acc655d36"},
    {file = "rapidfuzz-3.4.0-cp311-cp311-musllinux_1_1_i686.whl", hash = "sha256:ef30b5f2720f0acbcfba0e0661a4cc118621c47cf69b5fe92531dfed1e369e1c"},
    {file = "rapidfuzz-3.4.0-cp311-cp311-musllinux_1_1_ppc64le.whl", hash = "sha256:ab981f9091ae8bd32bca9289fa1019b4ec656543489e7e13e64882d57d989282"},
    {file = "rapidfuzz-3.4.0-cp311-cp311-musllinux_1_1_s390x.whl", hash = "sha256:a80f9aa4245a49e0677896d1b51b2b3bc36472aff7cec31c4a96f789135f03fe"},
    {file = "rapidfuzz-3.4.0-cp311-cp311-musllinux_1_1_x86_64.whl", hash = "sha256:0d8c6cb80b5d2edf88bf6a88ac6827a353c974405c2d7e3025ed9527a5dbe1a6"},
    {file = "rapidfuzz-3.4.0-cp311-cp311-win32.whl", hash = "sha256:c0150d521199277b5ad8bd3b060a5f3c1dbdf11df0533b4d79f458ef11d07e8c"},
    {file = "rapidfuzz-3.4.0-cp311-cp311-win_amd64.whl", hash = "sha256:bd50bc90167601963e2a90b820fb862d239ecb096a991bf3ce33ffaa1d6eedee"},
    {file = "rapidfuzz-3.4.0-cp311-cp311-win_arm64.whl", hash = "sha256:bd10d68baabb63a3bb36b683f98fc481fcc62230e493e4b31e316bd5b299ef68"},
    {file = "rapidfuzz-3.4.0-cp312-cp312-macosx_10_9_universal2.whl", hash = "sha256:7f497f850d46c5e08f3340343842a28ede5d3997e5d1cadbd265793cf47417e5"},
    {file = "rapidfuzz-3.4.0-cp312-cp312-macosx_10_9_x86_64.whl", hash = "sha256:a7d6a9f04ea1277add8943d4e144e59215009f54f2668124ff26dee18a875343"},
    {file = "rapidfuzz-3.4.0-cp312-cp312-macosx_11_0_arm64.whl", hash = "sha256:b6fe2aff0d9b35191701714e05afe08f79eaea376a3a6ca802b72d9e5b48b545"},
    {file = "rapidfuzz-3.4.0-cp312-cp312-manylinux_2_17_aarch64.manylinux2014_aarch64.whl", hash = "sha256:b81b8bc29114ca861fed23da548a837832b85495b0c1b2600e6060e3cf4d50aa"},
    {file = "rapidfuzz-3.4.0-cp312-cp312-manylinux_2_17_i686.manylinux2014_i686.whl", hash = "sha256:805dc2aa3ac295dcbf2df8c1e420e8a73b1f632d6820a5a1c8506d22c11e0f27"},
    {file = "rapidfuzz-3.4.0-cp312-cp312-manylinux_2_17_ppc64le.manylinux2014_ppc64le.whl", hash = "sha256:1276c7f50cd90a48b00084feb25256135c9ace6c599295dd5932949ec30c0e70"},
    {file = "rapidfuzz-3.4.0-cp312-cp312-manylinux_2_17_s390x.manylinux2014_s390x.whl", hash = "sha256:0b9197656a6d71483959bf7d216e7fb7a6b80ca507433bcb3015fb92abc266f8"},
    {file = "rapidfuzz-3.4.0-cp312-cp312-manylinux_2_17_x86_64.manylinux2014_x86_64.whl", hash = "sha256:3456f4df5b8800315fd161045c996479016c112228e4da370d09ed80c24853e5"},
    {file = "rapidfuzz-3.4.0-cp312-cp312-musllinux_1_1_aarch64.whl", hash = "sha256:734046d557550589edb83d5ad1468a1341d1092f1c64f26fd0b1fc50f9efdce1"},
    {file = "rapidfuzz-3.4.0-cp312-cp312-musllinux_1_1_i686.whl", hash = "sha256:37d5f0fbad6c092c89840eea2c4c845564d40849785de74c5e6ff48b47b0ecf6"},
    {file = "rapidfuzz-3.4.0-cp312-cp312-musllinux_1_1_ppc64le.whl", hash = "sha256:bfe14711b9a7b744e242a482c6cabb696517a1a9946fc1e88d353cd3eb384788"},
    {file = "rapidfuzz-3.4.0-cp312-cp312-musllinux_1_1_s390x.whl", hash = "sha256:1a733c10b1fcc47f837c23ab4a255cc4021a88939ff81baa64d6738231cba33d"},
    {file = "rapidfuzz-3.4.0-cp312-cp312-musllinux_1_1_x86_64.whl", hash = "sha256:929e6b71e5b36caee2ee11c209e75a0fcbd716a1b76ae6162b89ee9b591b63b1"},
    {file = "rapidfuzz-3.4.0-cp312-cp312-win32.whl", hash = "sha256:c56073ba1d1b25585359ad9769163cb2f3183e7a03c03b914a0667fcbd95dc5c"},
    {file = "rapidfuzz-3.4.0-cp312-cp312-win_amd64.whl", hash = "sha256:bf58ba21df06fc8aeef3056fd137eca0a593c2f5c82923a4524d251dc5f3df5d"},
    {file = "rapidfuzz-3.4.0-cp312-cp312-win_arm64.whl", hash = "sha256:f3effbe9c677658b3149da0d2778a740a6b7d8190c1407fd0c0770a4e223cfe0"},
    {file = "rapidfuzz-3.4.0-cp37-cp37m-macosx_10_9_x86_64.whl", hash = "sha256:ed0d5761b44d9dd87278d5c32903bb55632346e4d84ea67ba2e4a84afc3b7d45"},
    {file = "rapidfuzz-3.4.0-cp37-cp37m-manylinux_2_17_aarch64.manylinux2014_aarch64.whl", hash = "sha256:1bafbd3e2e9e0b5f740f66155cc7e1e23eee1e1f2c44eff12daf14f90af0e8ab"},
    {file = "rapidfuzz-3.4.0-cp37-cp37m-manylinux_2_17_i686.manylinux2014_i686.whl", hash = "sha256:2543fd8d0fb3b1ac065bf94ee54c0ea33343c62481d8e54b6117a88c92c9b721"},
    {file = "rapidfuzz-3.4.0-cp37-cp37m-manylinux_2_17_ppc64le.manylinux2014_ppc64le.whl", hash = "sha256:93ceb62ade1a0e62696487274002157a58bb751fc82cd25016fc5523ba558ca5"},
    {file = "rapidfuzz-3.4.0-cp37-cp37m-manylinux_2_17_s390x.manylinux2014_s390x.whl", hash = "sha256:76f4162ce5fe08609455d318936ed4aa709f40784be61fb4e200a378137b0230"},
    {file = "rapidfuzz-3.4.0-cp37-cp37m-manylinux_2_17_x86_64.manylinux2014_x86_64.whl", hash = "sha256:f723197f2dbce508a7030dcf6d3fc940117aa54fc876021bf6f6feeaf3825ba1"},
    {file = "rapidfuzz-3.4.0-cp37-cp37m-musllinux_1_1_aarch64.whl", hash = "sha256:cfdc74afd93ac71270b5be5c25cb864b733b9ae32b07495705a6ac294ac4c390"},
    {file = "rapidfuzz-3.4.0-cp37-cp37m-musllinux_1_1_i686.whl", hash = "sha256:273c7c7f5b405f2f54d41e805883572d57e1f0a56861f93ca5a6733672088acb"},
    {file = "rapidfuzz-3.4.0-cp37-cp37m-musllinux_1_1_ppc64le.whl", hash = "sha256:712dd91d429afaddbf7e86662155f2ad9bc8135fca5803a01035a3c1d76c5977"},
    {file = "rapidfuzz-3.4.0-cp37-cp37m-musllinux_1_1_s390x.whl", hash = "sha256:9814905414696080d8448d6e6df788a0148954ab34d7cd8d75bcb85ba30e0b25"},
    {file = "rapidfuzz-3.4.0-cp37-cp37m-musllinux_1_1_x86_64.whl", hash = "sha256:01013ee67fb15608c8c5961af3bc2b1f242cff94c19f53237c9b3f0edb8e0a2d"},
    {file = "rapidfuzz-3.4.0-cp37-cp37m-win32.whl", hash = "sha256:8f5d2adc48c181486125d42230e80479a1e0568942e883d1ebdeb76cd3f83470"},
    {file = "rapidfuzz-3.4.0-cp37-cp37m-win_amd64.whl", hash = "sha256:c92d847c997c384670e3b4cf6727cb73a4d7a7ba6457310e2083cf06d56013c4"},
    {file = "rapidfuzz-3.4.0-cp38-cp38-macosx_10_9_universal2.whl", hash = "sha256:d0bda173b0ec1fa546f123088c0d42c9096304771b4c0555d4e08a66a246b3f6"},
    {file = "rapidfuzz-3.4.0-cp38-cp38-macosx_10_9_x86_64.whl", hash = "sha256:bbb05b1203f683b341f44ebe8fe38afed6e56f606094f9840d6406e4a7bf0eab"},
    {file = "rapidfuzz-3.4.0-cp38-cp38-macosx_11_0_arm64.whl", hash = "sha256:f0075ff8990437923da42202b60cf04b5c122ee2856f0cf2344fb890cadecf57"},
    {file = "rapidfuzz-3.4.0-cp38-cp38-manylinux_2_17_aarch64.manylinux2014_aarch64.whl", hash = "sha256:9f295842c282fe7fe93bfe7a20e78f33f43418f47fb601f2f0a05df8a8282b43"},
    {file = "rapidfuzz-3.4.0-cp38-cp38-manylinux_2_17_i686.manylinux2014_i686.whl", hash = "sha256:1ebee7313719dfe652debb74bdd4024e8cf381a59adc6d065520ff927f3445f4"},
    {file = "rapidfuzz-3.4.0-cp38-cp38-manylinux_2_17_ppc64le.manylinux2014_ppc64le.whl", hash = "sha256:f71454249ddd29d8ba5415ed7307e7b7493fc7e9018f1ff496127b8b9a8df94b"},
    {file = "rapidfuzz-3.4.0-cp38-cp38-manylinux_2_17_s390x.manylinux2014_s390x.whl", hash = "sha256:52c6b7a178f0e800488fa1aede17b00f6397cab0b79d48531504b0d89e45315f"},
    {file = "rapidfuzz-3.4.0-cp38-cp38-manylinux_2_17_x86_64.manylinux2014_x86_64.whl", hash = "sha256:6d38596c804a9f2bd49360c15e1f4afbf016f181fe37fc4f1a4ddd247d3e91e5"},
    {file = "rapidfuzz-3.4.0-cp38-cp38-musllinux_1_1_aarch64.whl", hash = "sha256:8756461e7ee79723b8f762fc6db226e65eb453bf9fa64b14fc0274d4aaaf9e21"},
    {file = "rapidfuzz-3.4.0-cp38-cp38-musllinux_1_1_i686.whl", hash = "sha256:e14799297f194a4480f373e45142ef16d5dc68a42084c0e2018e0bdba56a8fef"},
    {file = "rapidfuzz-3.4.0-cp38-cp38-musllinux_1_1_ppc64le.whl", hash = "sha256:f813fb663d90038c1171d30ea1b6b275e09fced32f1d12b972c6045d9d4233f2"},
    {file = "rapidfuzz-3.4.0-cp38-cp38-musllinux_1_1_s390x.whl", hash = "sha256:0df66e07e42e2831fae84dea481f7803bec7cfa53c31d770e86ac47bb18dcd57"},
    {file = "rapidfuzz-3.4.0-cp38-cp38-musllinux_1_1_x86_64.whl", hash = "sha256:b05c7d4b4ddb617e977d648689013e50e5688140ee03538d3760a3a11d4fa8a2"},
    {file = "rapidfuzz-3.4.0-cp38-cp38-win32.whl", hash = "sha256:74b9a1c1fc139d325fb0b89ccc85527d27096a76f6ed690ee3378143cc38e91d"},
    {file = "rapidfuzz-3.4.0-cp38-cp38-win_amd64.whl", hash = "sha256:5fe3ef7daecd79f852936528e37528fd88818bc000991e0fea23b9ac5b79e875"},
    {file = "rapidfuzz-3.4.0-cp39-cp39-macosx_10_9_universal2.whl", hash = "sha256:61f16bb0f3026853500e7968261831a2e1a35d56947752bb6cf6953afd70b9de"},
    {file = "rapidfuzz-3.4.0-cp39-cp39-macosx_10_9_x86_64.whl", hash = "sha256:d188e8fb5a9709931c6a48cc62c4ac9b9d163969333711e426d9dbd134c1489b"},
    {file = "rapidfuzz-3.4.0-cp39-cp39-macosx_11_0_arm64.whl", hash = "sha256:c006aa481d1b91c2600920ce16e42d208a4b6f318d393aef4dd2172d568f2641"},
    {file = "rapidfuzz-3.4.0-cp39-cp39-manylinux_2_17_aarch64.manylinux2014_aarch64.whl", hash = "sha256:02afbe7ed12e9191082ed7bda43398baced1d9d805302b7b010d397de3ae973f"},
    {file = "rapidfuzz-3.4.0-cp39-cp39-manylinux_2_17_i686.manylinux2014_i686.whl", hash = "sha256:01d64710060bc3241c08ac1f1a9012c7184f3f4c3d6e2eebb16c6093a03f6a67"},
    {file = "rapidfuzz-3.4.0-cp39-cp39-manylinux_2_17_ppc64le.manylinux2014_ppc64le.whl", hash = "sha256:d3198f70b97127e52a4f96bb2f7de447f89baa338ff398eb126930c8e3137ad1"},
    {file = "rapidfuzz-3.4.0-cp39-cp39-manylinux_2_17_s390x.manylinux2014_s390x.whl", hash = "sha256:50ad7bac98a0f00492687eddda73d2c0bdf71c78b52fddaa5901634ae323d3ce"},
    {file = "rapidfuzz-3.4.0-cp39-cp39-manylinux_2_17_x86_64.manylinux2014_x86_64.whl", hash = "sha256:cc3efc06db79e818f4a6783a4e001b3c8b2c61bd05c0d5c4d333adaf64ed1b34"},
    {file = "rapidfuzz-3.4.0-cp39-cp39-musllinux_1_1_aarch64.whl", hash = "sha256:75d1365387ec8ef2128fd7e2f7436aa1a04a1953bc6d7068835bb769cd07c146"},
    {file = "rapidfuzz-3.4.0-cp39-cp39-musllinux_1_1_i686.whl", hash = "sha256:a0750278693525b5ce58d3b313e432dfa5d90f00d06ae54fa8cde87f2a397eb0"},
    {file = "rapidfuzz-3.4.0-cp39-cp39-musllinux_1_1_ppc64le.whl", hash = "sha256:2e49151572b842d290dcee2cc6f9ce7a7b40b77cc20d0f6d6b54e7afb7bafa5c"},
    {file = "rapidfuzz-3.4.0-cp39-cp39-musllinux_1_1_s390x.whl", hash = "sha256:8b38d7677b2f20b137bb7aaf0dcd3d8ac2a2cde65f09f5621bf3f57d9a1e5d6e"},
    {file = "rapidfuzz-3.4.0-cp39-cp39-musllinux_1_1_x86_64.whl", hash = "sha256:d904ac97f2e370f91e8170802669c8ad68641bf84d742968416b53c5960410c6"},
    {file = "rapidfuzz-3.4.0-cp39-cp39-win32.whl", hash = "sha256:53bbef345644eac1c2d7cc21ade4fe9554fa289f60eb2c576f7fdc454dbc0641"},
    {file = "rapidfuzz-3.4.0-cp39-cp39-win_amd64.whl", hash = "sha256:233bf022938c38060a93863ec548e624d69a56d7384634d8bea435b915b88e52"},
    {file = "rapidfuzz-3.4.0-cp39-cp39-win_arm64.whl", hash = "sha256:63933792146f3d333680d415cecc237e6275b42ad948d0a798f9a81325517666"},
    {file = "rapidfuzz-3.4.0-pp37-pypy37_pp73-macosx_10_9_x86_64.whl", hash = "sha256:e182ea5c809e7ed36ebfbcef4bb1808e213d27b33c036007a33bcbb7ba498356"},
    {file = "rapidfuzz-3.4.0-pp37-pypy37_pp73-manylinux_2_17_aarch64.manylinux2014_aarch64.whl", hash = "sha256:9e1142c8d35fa6f3af8150d02ff8edcbea3723c851d889e8b2172e0d1b99f3f7"},
    {file = "rapidfuzz-3.4.0-pp37-pypy37_pp73-manylinux_2_17_i686.manylinux2014_i686.whl", hash = "sha256:6b8258846e56b03230fa733d29bb4f9fb1f4790ac97d1ebe9faa3ff9d2850999"},
    {file = "rapidfuzz-3.4.0-pp37-pypy37_pp73-manylinux_2_17_x86_64.manylinux2014_x86_64.whl", hash = "sha256:950d1dfd2927cd45c9bb2927933926718f0a17792841e651d42f4d1cb04a5c1d"},
    {file = "rapidfuzz-3.4.0-pp37-pypy37_pp73-win_amd64.whl", hash = "sha256:dd54dd0355225dc3c1d55e233d510adcccee9bb25d656b4cf1136114b92e7bf3"},
    {file = "rapidfuzz-3.4.0-pp38-pypy38_pp73-macosx_10_9_x86_64.whl", hash = "sha256:f5921780e7995e9ac3cea41fa57b623159d7295788618d3f2946d61328c25c25"},
    {file = "rapidfuzz-3.4.0-pp38-pypy38_pp73-manylinux_2_17_aarch64.manylinux2014_aarch64.whl", hash = "sha256:fc4b1b69a64d337c40fa07a721dae1b1550d90f17973fb348055f6440d597e26"},
    {file = "rapidfuzz-3.4.0-pp38-pypy38_pp73-manylinux_2_17_i686.manylinux2014_i686.whl", hash = "sha256:6f5c8b901b6d3be63591c68e2612f76ad85af27193d0a88d4d87bb047aeafcb3"},
    {file = "rapidfuzz-3.4.0-pp38-pypy38_pp73-manylinux_2_17_x86_64.manylinux2014_x86_64.whl", hash = "sha256:c67f5ced39aff6277dd772b239ef8aa8fc810200a3b42f69ddbb085ea0e18232"},
    {file = "rapidfuzz-3.4.0-pp38-pypy38_pp73-win_amd64.whl", hash = "sha256:4fd94acab871afbc845400814134a83512a711e824dc2c9a9776d6123464a221"},
    {file = "rapidfuzz-3.4.0-pp39-pypy39_pp73-macosx_10_9_x86_64.whl", hash = "sha256:437508ec1ea6e71a77126715ac6208cb9c3e74272536ebfa79be9dd008cfb85f"},
    {file = "rapidfuzz-3.4.0-pp39-pypy39_pp73-manylinux_2_17_aarch64.manylinux2014_aarch64.whl", hash = "sha256:a7215f7c5de912b364d5cf7c4c66915ccf4acf71aafbb8da62ad346569196e15"},
    {file = "rapidfuzz-3.4.0-pp39-pypy39_pp73-manylinux_2_17_i686.manylinux2014_i686.whl", hash = "sha256:698488002eb7be2f737e48679ed0cd310b76291f26d8ec792db8345d13eb6573"},
    {file = "rapidfuzz-3.4.0-pp39-pypy39_pp73-manylinux_2_17_x86_64.manylinux2014_x86_64.whl", hash = "sha256:e77873126eb07e7461f0b675263e6c5d42c8a952e88e4a44eeff96f237b2b024"},
    {file = "rapidfuzz-3.4.0-pp39-pypy39_pp73-win_amd64.whl", hash = "sha256:28d03cd33817f6e0bea9b618b460f85ff9c9c3fedc6c19cfa0992f719a0d1801"},
    {file = "rapidfuzz-3.4.0.tar.gz", hash = "sha256:a74112e2126b428c77db5e96f7ce34e91e750552147305b2d361122cbede2955"},
]

[package.extras]
full = ["numpy"]

[[package]]
name = "redis"
version = "5.0.8"
description = "Python client for Redis database and key-value store"
optional = false
python-versions = ">=3.7"
groups = ["main"]
files = [
    {file = "redis-5.0.8-py3-none-any.whl", hash = "sha256:56134ee08ea909106090934adc36f65c9bcbbaecea5b21ba704ba6fb561f8eb4"},
    {file = "redis-5.0.8.tar.gz", hash = "sha256:0c5b10d387568dfe0698c6fad6615750c24170e548ca2deac10c649d463e9870"},
]

[package.dependencies]
async-timeout = {version = ">=4.0.3", markers = "python_full_version < \"3.11.3\""}
importlib-metadata = {version = ">=1.0", markers = "python_version < \"3.8\""}
typing-extensions = {version = "*", markers = "python_version < \"3.8\""}

[package.extras]
hiredis = ["hiredis (>1.0.0)"]
ocsp = ["cryptography (>=36.0.1)", "pyopenssl (==20.0.1)", "requests (>=2.26.0)"]

[[package]]
name = "requests"
version = "2.31.0"
description = "Python HTTP for Humans."
optional = false
python-versions = ">=3.7"
groups = ["main"]
files = [
    {file = "requests-2.31.0-py3-none-any.whl", hash = "sha256:58cd2187c01e70e6e26505bca751777aa9f2ee0b7f4300988b709f44e013003f"},
    {file = "requests-2.31.0.tar.gz", hash = "sha256:942c5a758f98d790eaed1a29cb6eefc7ffb0d1cf7af05c3d2791656dbd6ad1e1"},
]

[package.dependencies]
certifi = ">=2017.4.17"
charset-normalizer = ">=2,<4"
idna = ">=2.5,<4"
urllib3 = ">=1.21.1,<3"

[package.extras]
socks = ["PySocks (>=1.5.6,!=1.5.7)"]
use-chardet-on-py3 = ["chardet (>=3.0.2,<6)"]

[[package]]
name = "rich"
version = "13.8.1"
description = "Render rich text, tables, progress bars, syntax highlighting, markdown and more to the terminal"
optional = false
python-versions = ">=3.7.0"
groups = ["main"]
files = [
    {file = "rich-13.8.1-py3-none-any.whl", hash = "sha256:1760a3c0848469b97b558fc61c85233e3dafb69c7a071b4d60c38099d3cd4c06"},
    {file = "rich-13.8.1.tar.gz", hash = "sha256:8260cda28e3db6bf04d2d1ef4dbc03ba80a824c88b0e7668a0f23126a424844a"},
]

[package.dependencies]
markdown-it-py = ">=2.2.0"
pygments = ">=2.13.0,<3.0.0"
typing-extensions = {version = ">=4.0.0,<5.0", markers = "python_version < \"3.9\""}

[package.extras]
jupyter = ["ipywidgets (>=7.5.1,<9)"]

[[package]]
name = "six"
version = "1.17.0"
description = "Python 2 and 3 compatibility utilities"
optional = false
python-versions = "!=3.0.*,!=3.1.*,!=3.2.*,>=2.7"
groups = ["main"]
files = [
    {file = "six-1.17.0-py2.py3-none-any.whl", hash = "sha256:4721f391ed90541fddacab5acf947aa0d3dc7d27b2e1e8eda2be8970586c3274"},
    {file = "six-1.17.0.tar.gz", hash = "sha256:ff70335d468e7eb6ec65b95b99d3a2836546063f63acc5171de367e834932a81"},
]

[[package]]
name = "spotipy"
version = "2.23.0"
description = "A light weight Python library for the Spotify Web API"
optional = false
python-versions = "*"
groups = ["main"]
files = [
    {file = "spotipy-2.23.0-py2-none-any.whl", hash = "sha256:da850fbf62faaa05912132d2886c293a5fbbe8350d0821e7208a6a2fdd6a0079"},
    {file = "spotipy-2.23.0-py3-none-any.whl", hash = "sha256:6bf8b963c10d0a3e51037e4baf92e29732dee36b2a1f1b7dcc8cd5771e662a5b"},
    {file = "spotipy-2.23.0.tar.gz", hash = "sha256:0dfafe08239daae6c16faa68f60b5775d40c4110725e1a7c545ad4c7fb66d4e8"},
]

[package.dependencies]
redis = ">=3.5.3"
requests = ">=2.25.0"
six = ">=1.15.0"
urllib3 = ">=1.26.0"

[package.extras]
doc = ["Sphinx (>=1.5.2)"]
test = ["mock (==2.0.0)"]

[[package]]
name = "thefuzz"
version = "0.20.0"
description = "Fuzzy string matching in python"
optional = false
python-versions = ">=3.7"
groups = ["main"]
files = [
    {file = "thefuzz-0.20.0-py3-none-any.whl", hash = "sha256:bd2b657a12bd8518917d2d71c53125368706233b822fac688fca956730154388"},
    {file = "thefuzz-0.20.0.tar.gz", hash = "sha256:a25e49786b1c4603c7fc6e2d69e6bc660982a2919698b536ff8354e0631cc40d"},
]

[package.dependencies]
rapidfuzz = ">=3.0.0,<4.0.0"

[[package]]
name = "tqdm"
version = "4.67.1"
description = "Fast, Extensible Progress Meter"
optional = false
python-versions = ">=3.7"
groups = ["main"]
files = [
    {file = "tqdm-4.67.1-py3-none-any.whl", hash = "sha256:26445eca388f82e72884e0d580d5464cd801a3ea01e63e5601bdff9ba6a48de2"},
    {file = "tqdm-4.67.1.tar.gz", hash = "sha256:f8aef9c52c08c13a65f30ea34f4e5aac3fd1a34959879d7e59e63027286627f2"},
]

[package.dependencies]
colorama = {version = "*", markers = "platform_system == \"Windows\""}

[package.extras]
dev = ["nbval", "pytest (>=6)", "pytest-asyncio (>=0.24)", "pytest-cov", "pytest-timeout"]
discord = ["requests"]
notebook = ["ipywidgets (>=6)"]
slack = ["slack-sdk"]
telegram = ["requests"]

[[package]]
name = "typing-extensions"
version = "4.7.1"
description = "Backported and Experimental Type Hints for Python 3.7+"
optional = false
python-versions = ">=3.7"
groups = ["main"]
markers = "python_version < \"3.9\""
files = [
    {file = "typing_extensions-4.7.1-py3-none-any.whl", hash = "sha256:440d5dd3af93b060174bf433bccd69b0babc3b15b1a8dca43789fd7f61514b36"},
    {file = "typing_extensions-4.7.1.tar.gz", hash = "sha256:b75ddc264f0ba5615db7ba217daeb99701ad295353c45f9e95963337ceeeffb2"},
]

[[package]]
name = "urllib3"
version = "2.0.7"
description = "HTTP library with thread-safe connection pooling, file post, and more."
optional = false
python-versions = ">=3.7"
groups = ["main"]
files = [
    {file = "urllib3-2.0.7-py3-none-any.whl", hash = "sha256:fdb6d215c776278489906c2f8916e6e7d4f5a9b602ccbcfdf7f016fc8da0596e"},
    {file = "urllib3-2.0.7.tar.gz", hash = "sha256:c97dfde1f7bd43a71c8d2a58e369e9b2bf692d1334ea9f9cae55add7d0dd0f84"},
]

[package.extras]
brotli = ["brotli (>=1.0.9)", "brotlicffi (>=0.8.0)"]
secure = ["certifi", "cryptography (>=1.9)", "idna (>=2.0.0)", "pyopenssl (>=17.1.0)", "urllib3-secure-extra"]
socks = ["pysocks (>=1.5.6,!=1.5.7,<2.0)"]
zstd = ["zstandard (>=0.18.0)"]

[[package]]
name = "zipp"
version = "3.15.0"
description = "Backport of pathlib-compatible object wrapper for zip files"
optional = false
python-versions = ">=3.7"
groups = ["main"]
markers = "python_version < \"3.8\""
files = [
    {file = "zipp-3.15.0-py3-none-any.whl", hash = "sha256:48904fc76a60e542af151aded95726c1a5c34ed43ab4134b597665c86d7ad556"},
    {file = "zipp-3.15.0.tar.gz", hash = "sha256:112929ad649da941c23de50f356a2b5570c954b65150642bccdd66bf194d224b"},
]

[package.extras]
docs = ["furo", "jaraco.packaging (>=9)", "jaraco.tidelift (>=1.4)", "rst.linker (>=1.9)", "sphinx (>=3.5)", "sphinx-lint"]
testing = ["big-O", "flake8 (<5)", "jaraco.functools", "jaraco.itertools", "more-itertools", "pytest (>=6)", "pytest-black (>=0.3.7)", "pytest-checkdocs (>=2.4)", "pytest-cov", "pytest-enabler (>=1.3)", "pytest-flake8", "pytest-mypy (>=0.9.1)"]

[metadata]
lock-version = "2.1"
python-versions = ">=3.7"
content-hash = "80327e29a000f59a01166109c1736c2669bb42396df128fdc37b9def737ef26c"
